<?xml version="1.0" encoding="utf-8"?>
<Project ToolsVersion="4.0" xmlns="http://schemas.microsoft.com/developer/msbuild/2003">
  <ItemGroup>
    <Filter Include="Source Files">
      <UniqueIdentifier>{4FC737F1-C7A5-4376-A066-2A32D752A2FF}</UniqueIdentifier>
      <Extensions>cpp;c;cc;cxx;def;odl;idl;hpj;bat;asm;asmx</Extensions>
    </Filter>
    <Filter Include="Header Files">
      <UniqueIdentifier>{93995380-89BD-4b04-88EB-625FBE52EBFB}</UniqueIdentifier>
      <Extensions>h;hpp;hxx;hm;inl;inc;xsd</Extensions>
    </Filter>
    <Filter Include="Resource Files">
      <UniqueIdentifier>{67DA6AB6-F800-4c08-8B7A-83BB121AAD01}</UniqueIdentifier>
      <Extensions>rc;ico;cur;bmp;dlg;rc2;rct;bin;rgs;gif;jpg;jpeg;jpe;resx;tiff;tif;png;wav</Extensions>
    </Filter>
    <Filter Include="NetWork">
      <UniqueIdentifier>{65aac48c-1abf-4e22-b5af-61218568b538}</UniqueIdentifier>
    </Filter>
  </ItemGroup>
  <ItemGroup>
    <ClCompile Include="ExportDBSetting.cpp">
      <Filter>Source Files</Filter>
    </ClCompile>
    <ClCompile Include="LogFunc.cpp">
      <Filter>Source Files</Filter>
    </ClCompile>
    <ClCompile Include="NotifyManager.cpp">
      <Filter>Source Files</Filter>
    </ClCompile>
    <ClCompile Include="NotifySettingDlg.cpp">
      <Filter>Source Files</Filter>
    </ClCompile>
    <ClCompile Include="stdafx.cpp">
      <Filter>Source Files</Filter>
    </ClCompile>
    <ClCompile Include="TaskbarNotifier.cpp">
      <Filter>Source Files</Filter>
    </ClCompile>
    <ClCompile Include="TVDataManager.cpp">
      <Filter>Source Files</Filter>
    </ClCompile>
    <ClCompile Include="TVDataServer.cpp">
      <Filter>Source Files</Filter>
    </ClCompile>
    <ClCompile Include="TVDataServerDlg.cpp">
      <Filter>Source Files</Filter>
    </ClCompile>
    <ClCompile Include="TVDBAccess.cpp">
      <Filter>Source Files</Filter>
    </ClCompile>
    <ClCompile Include="TVDiscipline.cpp">
      <Filter>Source Files</Filter>
    </ClCompile>
    <ClCompile Include="TVEvent.cpp">
      <Filter>Source Files</Filter>
    </ClCompile>
    <ClCompile Include="TVExportManager.cpp">
      <Filter>Source Files</Filter>
    </ClCompile>
    <ClCompile Include="TVFileOpenDlg.cpp">
      <Filter>Source Files</Filter>
    </ClCompile>
    <ClCompile Include="TVNodeBase.cpp">
      <Filter>Source Files</Filter>
    </ClCompile>
    <ClCompile Include="TVObject.cpp">
      <Filter>Source Files</Filter>
    </ClCompile>
    <ClCompile Include="TVSession.cpp">
      <Filter>Source Files</Filter>
    </ClCompile>
    <ClCompile Include="TVTable.cpp">
      <Filter>Source Files</Filter>
    </ClCompile>
    <ClCompile Include="TVTableEventGrd.cpp">
      <Filter>Source Files</Filter>
    </ClCompile>
    <ClCompile Include="TVTableSessionSts.cpp">
      <Filter>Source Files</Filter>
    </ClCompile>
    <ClCompile Include="TVTableSettingDlg.cpp">
      <Filter>Source Files</Filter>
    </ClCompile>
    <ClCompile Include="TVUpdateSettingDlg.cpp">
      <Filter>Source Files</Filter>
    </ClCompile>
    <ClCompile Include="NetWork\DataSpliter.cpp">
      <Filter>NetWork</Filter>
    </ClCompile>
    <ClCompile Include="NetWork\NetworkTrans.cpp">
      <Filter>NetWork</Filter>
    </ClCompile>
    <ClCompile Include="NetWork\XmlMessageTrans.cpp">
      <Filter>NetWork</Filter>
    </ClCompile>
  </ItemGroup>
  <ItemGroup>
    <ClInclude Include="ExportDBSetting.h">
      <Filter>Header Files</Filter>
    </ClInclude>
    <ClInclude Include="LogFunc.h">
      <Filter>Header Files</Filter>
    </ClInclude>
    <ClInclude Include="NotifyManager.h">
      <Filter>Header Files</Filter>
    </ClInclude>
    <ClInclude Include="NotifySettingDlg.h">
      <Filter>Header Files</Filter>
    </ClInclude>
    <ClInclude Include="Resource.h">
      <Filter>Header Files</Filter>
    </ClInclude>
    <ClInclude Include="SimpleTrayIcon.h">
      <Filter>Header Files</Filter>
    </ClInclude>
    <ClInclude Include="stdafx.h">
      <Filter>Header Files</Filter>
    </ClInclude>
    <ClInclude Include="targetver.h">
      <Filter>Header Files</Filter>
    </ClInclude>
    <ClInclude Include="TaskbarNotifier.h">
      <Filter>Header Files</Filter>
    </ClInclude>
    <ClInclude Include="TVDataManager.h">
      <Filter>Header Files</Filter>
    </ClInclude>
    <ClInclude Include="TVDataServer.h">
      <Filter>Header Files</Filter>
    </ClInclude>
    <ClInclude Include="TVDataServerDlg.h">
      <Filter>Header Files</Filter>
    </ClInclude>
    <ClInclude Include="TVDBAccess.h">
      <Filter>Header Files</Filter>
    </ClInclude>
    <ClInclude Include="TVDiscipline.h">
      <Filter>Header Files</Filter>
    </ClInclude>
    <ClInclude Include="TVEvent.h">
      <Filter>Header Files</Filter>
    </ClInclude>
    <ClInclude Include="TVExportManager.h">
      <Filter>Header Files</Filter>
    </ClInclude>
    <ClInclude Include="TVFileOpenDlg.h">
      <Filter>Header Files</Filter>
    </ClInclude>
    <ClInclude Include="TVNodeBase.h">
      <Filter>Header Files</Filter>
    </ClInclude>
    <ClInclude Include="TVObject.h">
      <Filter>Header Files</Filter>
    </ClInclude>
    <ClInclude Include="TVPublicDef.h">
      <Filter>Header Files</Filter>
    </ClInclude>
    <ClInclude Include="TVSession.h">
      <Filter>Header Files</Filter>
    </ClInclude>
    <ClInclude Include="TVTable.h">
      <Filter>Header Files</Filter>
    </ClInclude>
    <ClInclude Include="TVTableEventGrd.h">
      <Filter>Header Files</Filter>
    </ClInclude>
    <ClInclude Include="TVTableSessionSts.h">
      <Filter>Header Files</Filter>
    </ClInclude>
    <ClInclude Include="TVTableSettingDlg.h">
      <Filter>Header Files</Filter>
    </ClInclude>
    <ClInclude Include="TVUpdateSettingDlg.h">
      <Filter>Header Files</Filter>
    </ClInclude>
    <ClInclude Include="NetWork\DataSpliter.h">
      <Filter>NetWork</Filter>
    </ClInclude>
    <ClInclude Include="NetWork\NetworkTrans.h">
      <Filter>NetWork</Filter>
    </ClInclude>
    <ClInclude Include="NetWork\XmlMessageTrans.h">
      <Filter>NetWork</Filter>
    </ClInclude>
  </ItemGroup>
  <ItemGroup>
    <None Include="res\File.ico">
      <Filter>Resource Files</Filter>
    </None>
    <None Include="res\FileGrd.ico">
      <Filter>Resource Files</Filter>
    </None>
    <None Include="res\Folder.ico">
      <Filter>Resource Files</Filter>
    </None>
    <None Include="res\NetBroken.ico">
      <Filter>Resource Files</Filter>
    </None>
    <None Include="res\NetOK.ico">
      <Filter>Resource Files</Filter>
    </None>
    <None Include="res\skinboard.bmp">
      <Filter>Resource Files</Filter>
    </None>
    <None Include="res\TVDataServer.ico">
      <Filter>Resource Files</Filter>
    </None>
    <None Include="res\TVDataServer.rc2">
      <Filter>Resource Files</Filter>
    </None>
  </ItemGroup>
  <ItemGroup>
    <ResourceCompile Include="TVDataServer.rc">
      <Filter>Resource Files</Filter>
    </ResourceCompile>
  </ItemGroup>
</Project>